// !$*UTF8*$!
{
	archiveVersion = 1;
	classes = {
	};
	objectVersion = 56;
	objects = {

/* Begin PBXBuildFile section */
		8276460D2C7528760075C31E /* PhotoViewController.swift in Sources */ = {isa = PBXBuildFile; fileRef = 8276460C2C7528760075C31E /* PhotoViewController.swift */; };
		8276460F2C7528820075C31E /* VideoViewController.swift in Sources */ = {isa = PBXBuildFile; fileRef = 8276460E2C7528820075C31E /* VideoViewController.swift */; };
		827646112C7528D50075C31E /* AuthPresenter.swift in Sources */ = {isa = PBXBuildFile; fileRef = 827646102C7528D50075C31E /* AuthPresenter.swift */; };
		827646132C7528E00075C31E /* MainPresenter.swift in Sources */ = {isa = PBXBuildFile; fileRef = 827646122C7528E00075C31E /* MainPresenter.swift */; };
		827646152C7528E90075C31E /* PhotoPresenter.swift in Sources */ = {isa = PBXBuildFile; fileRef = 827646142C7528E90075C31E /* PhotoPresenter.swift */; };
		827646172C7528F30075C31E /* VideoPresenter.swift in Sources */ = {isa = PBXBuildFile; fileRef = 827646162C7528F30075C31E /* VideoPresenter.swift */; };
		827646192C752DF20075C31E /* Router.swift in Sources */ = {isa = PBXBuildFile; fileRef = 827646182C752DF20075C31E /* Router.swift */; };
		8276461B2C75358A0075C31E /* ModuleBuilder.swift in Sources */ = {isa = PBXBuildFile; fileRef = 8276461A2C75358A0075C31E /* ModuleBuilder.swift */; };
		8289F9A62C78AB6F00A6993E /* NetworkService.swift in Sources */ = {isa = PBXBuildFile; fileRef = 8289F9A52C78AB6F00A6993E /* NetworkService.swift */; };
		8289F9AB2C78AC8C00A6993E /* WebPresenter.swift in Sources */ = {isa = PBXBuildFile; fileRef = 8289F9AA2C78AC8C00A6993E /* WebPresenter.swift */; };
		8289F9B82C78C4B300A6993E /* VKRequest.swift in Sources */ = {isa = PBXBuildFile; fileRef = 8289F9B72C78C4B200A6993E /* VKRequest.swift */; };
		8289F9BE2C78FE1100A6993E /* VKURL.swift in Sources */ = {isa = PBXBuildFile; fileRef = 8289F9BD2C78FE1100A6993E /* VKURL.swift */; };
		8289F9C12C79217F00A6993E /* KeyChain.swift in Sources */ = {isa = PBXBuildFile; fileRef = 8289F9C02C79217F00A6993E /* KeyChain.swift */; };
		82C9A1DB2C749DA400D59A8E /* AppDelegate.swift in Sources */ = {isa = PBXBuildFile; fileRef = 82C9A1DA2C749DA400D59A8E /* AppDelegate.swift */; };
		82C9A1DD2C749DA400D59A8E /* SceneDelegate.swift in Sources */ = {isa = PBXBuildFile; fileRef = 82C9A1DC2C749DA400D59A8E /* SceneDelegate.swift */; };
		82C9A1DF2C749DA400D59A8E /* AuthViewController.swift in Sources */ = {isa = PBXBuildFile; fileRef = 82C9A1DE2C749DA400D59A8E /* AuthViewController.swift */; };
		82C9A1E42C749DA800D59A8E /* Assets.xcassets in Resources */ = {isa = PBXBuildFile; fileRef = 82C9A1E32C749DA800D59A8E /* Assets.xcassets */; };
		82C9A1E72C749DA800D59A8E /* Base in Resources */ = {isa = PBXBuildFile; fileRef = 82C9A1E62C749DA800D59A8E /* Base */; };
		82C9A1EF2C74A0EA00D59A8E /* .gitignore in Resources */ = {isa = PBXBuildFile; fileRef = 82C9A1EE2C74A0EA00D59A8E /* .gitignore */; };
		82D238852C7605E50062DCA6 /* PaddingLabel.swift in Sources */ = {isa = PBXBuildFile; fileRef = 82D238842C7605E50062DCA6 /* PaddingLabel.swift */; };
		82D238A62C7762820062DCA6 /* VideoCollectionViewCell.swift in Sources */ = {isa = PBXBuildFile; fileRef = 82D238A52C7762820062DCA6 /* VideoCollectionViewCell.swift */; };
		82D238A82C77628F0062DCA6 /* PhotoCollectionViewCell.swift in Sources */ = {isa = PBXBuildFile; fileRef = 82D238A72C77628F0062DCA6 /* PhotoCollectionViewCell.swift */; };
		82D238AA2C7762A20062DCA6 /* CustomSegmentedControl.swift in Sources */ = {isa = PBXBuildFile; fileRef = 82D238A92C7762A20062DCA6 /* CustomSegmentedControl.swift */; };
		82D238AC2C7763050062DCA6 /* WebViewController.swift in Sources */ = {isa = PBXBuildFile; fileRef = 82D238AB2C7763050062DCA6 /* WebViewController.swift */; };
		82D238AE2C77682E0062DCA6 /* MainViewController.swift in Sources */ = {isa = PBXBuildFile; fileRef = 82D238AD2C77682E0062DCA6 /* MainViewController.swift */; };
/* End PBXBuildFile section */

/* Begin PBXFileReference section */
		8276460C2C7528760075C31E /* PhotoViewController.swift */ = {isa = PBXFileReference; lastKnownFileType = sourcecode.swift; path = PhotoViewController.swift; sourceTree = "<group>"; };
		8276460E2C7528820075C31E /* VideoViewController.swift */ = {isa = PBXFileReference; lastKnownFileType = sourcecode.swift; path = VideoViewController.swift; sourceTree = "<group>"; };
		827646102C7528D50075C31E /* AuthPresenter.swift */ = {isa = PBXFileReference; lastKnownFileType = sourcecode.swift; path = AuthPresenter.swift; sourceTree = "<group>"; };
		827646122C7528E00075C31E /* MainPresenter.swift */ = {isa = PBXFileReference; lastKnownFileType = sourcecode.swift; path = MainPresenter.swift; sourceTree = "<group>"; };
		827646142C7528E90075C31E /* PhotoPresenter.swift */ = {isa = PBXFileReference; lastKnownFileType = sourcecode.swift; path = PhotoPresenter.swift; sourceTree = "<group>"; };
		827646162C7528F30075C31E /* VideoPresenter.swift */ = {isa = PBXFileReference; lastKnownFileType = sourcecode.swift; path = VideoPresenter.swift; sourceTree = "<group>"; };
		827646182C752DF20075C31E /* Router.swift */ = {isa = PBXFileReference; lastKnownFileType = sourcecode.swift; path = Router.swift; sourceTree = "<group>"; };
		8276461A2C75358A0075C31E /* ModuleBuilder.swift */ = {isa = PBXFileReference; lastKnownFileType = sourcecode.swift; path = ModuleBuilder.swift; sourceTree = "<group>"; };
		8289F9A52C78AB6F00A6993E /* NetworkService.swift */ = {isa = PBXFileReference; lastKnownFileType = sourcecode.swift; path = NetworkService.swift; sourceTree = "<group>"; };
		8289F9AA2C78AC8C00A6993E /* WebPresenter.swift */ = {isa = PBXFileReference; lastKnownFileType = sourcecode.swift; path = WebPresenter.swift; sourceTree = "<group>"; };
		8289F9B72C78C4B200A6993E /* VKRequest.swift */ = {isa = PBXFileReference; lastKnownFileType = sourcecode.swift; path = VKRequest.swift; sourceTree = "<group>"; };
		8289F9BD2C78FE1100A6993E /* VKURL.swift */ = {isa = PBXFileReference; lastKnownFileType = sourcecode.swift; path = VKURL.swift; sourceTree = "<group>"; };
		8289F9C02C79217F00A6993E /* KeyChain.swift */ = {isa = PBXFileReference; lastKnownFileType = sourcecode.swift; path = KeyChain.swift; sourceTree = "<group>"; };
		82C9A1D72C749DA400D59A8E /* MobileUpGallery.app */ = {isa = PBXFileReference; explicitFileType = wrapper.application; includeInIndex = 0; path = MobileUpGallery.app; sourceTree = BUILT_PRODUCTS_DIR; };
		82C9A1DA2C749DA400D59A8E /* AppDelegate.swift */ = {isa = PBXFileReference; lastKnownFileType = sourcecode.swift; path = AppDelegate.swift; sourceTree = "<group>"; };
		82C9A1DC2C749DA400D59A8E /* SceneDelegate.swift */ = {isa = PBXFileReference; lastKnownFileType = sourcecode.swift; path = SceneDelegate.swift; sourceTree = "<group>"; };
		82C9A1DE2C749DA400D59A8E /* AuthViewController.swift */ = {isa = PBXFileReference; lastKnownFileType = sourcecode.swift; path = AuthViewController.swift; sourceTree = "<group>"; };
		82C9A1E32C749DA800D59A8E /* Assets.xcassets */ = {isa = PBXFileReference; lastKnownFileType = folder.assetcatalog; path = Assets.xcassets; sourceTree = "<group>"; };
		82C9A1E62C749DA800D59A8E /* Base */ = {isa = PBXFileReference; lastKnownFileType = file.storyboard; name = Base; path = Base.lproj/LaunchScreen.storyboard; sourceTree = "<group>"; };
		82C9A1E82C749DA800D59A8E /* Info.plist */ = {isa = PBXFileReference; lastKnownFileType = text.plist.xml; path = Info.plist; sourceTree = "<group>"; };
		82C9A1EE2C74A0EA00D59A8E /* .gitignore */ = {isa = PBXFileReference; lastKnownFileType = text; path = .gitignore; sourceTree = "<group>"; };
		82D238842C7605E50062DCA6 /* PaddingLabel.swift */ = {isa = PBXFileReference; lastKnownFileType = sourcecode.swift; path = PaddingLabel.swift; sourceTree = "<group>"; };
		82D238A52C7762820062DCA6 /* VideoCollectionViewCell.swift */ = {isa = PBXFileReference; lastKnownFileType = sourcecode.swift; path = VideoCollectionViewCell.swift; sourceTree = "<group>"; };
		82D238A72C77628F0062DCA6 /* PhotoCollectionViewCell.swift */ = {isa = PBXFileReference; lastKnownFileType = sourcecode.swift; path = PhotoCollectionViewCell.swift; sourceTree = "<group>"; };
		82D238A92C7762A20062DCA6 /* CustomSegmentedControl.swift */ = {isa = PBXFileReference; lastKnownFileType = sourcecode.swift; path = CustomSegmentedControl.swift; sourceTree = "<group>"; };
		82D238AB2C7763050062DCA6 /* WebViewController.swift */ = {isa = PBXFileReference; lastKnownFileType = sourcecode.swift; path = WebViewController.swift; sourceTree = "<group>"; };
		82D238AD2C77682E0062DCA6 /* MainViewController.swift */ = {isa = PBXFileReference; lastKnownFileType = sourcecode.swift; path = MainViewController.swift; sourceTree = "<group>"; };
/* End PBXFileReference section */

/* Begin PBXFrameworksBuildPhase section */
		82C9A1D42C749DA400D59A8E /* Frameworks */ = {
			isa = PBXFrameworksBuildPhase;
			buildActionMask = 2147483647;
			files = (
			);
			runOnlyForDeploymentPostprocessing = 0;
		};
/* End PBXFrameworksBuildPhase section */

/* Begin PBXGroup section */
		827645FB2C7526A60075C31E /* Modules */ = {
			isa = PBXGroup;
			children = (
				827645FC2C7526E40075C31E /* AuthModule */,
				8289F9A72C78AC4800A6993E /* WebModule */,
				827645FD2C7526EE0075C31E /* MainModule */,
				827645FE2C7526F40075C31E /* PhotoModule */,
				827645FF2C7526FA0075C31E /* VideoModule */,
			);
			path = Modules;
			sourceTree = "<group>";
		};
		827645FC2C7526E40075C31E /* AuthModule */ = {
			isa = PBXGroup;
			children = (
				827646002C7527330075C31E /* View */,
				827646012C7527460075C31E /* Presenter */,
			);
			path = AuthModule;
			sourceTree = "<group>";
		};
		827645FD2C7526EE0075C31E /* MainModule */ = {
			isa = PBXGroup;
			children = (
				827646042C75279A0075C31E /* View */,
				827646032C7527910075C31E /* Presenter */,
			);
			path = MainModule;
			sourceTree = "<group>";
		};
		827645FE2C7526F40075C31E /* PhotoModule */ = {
			isa = PBXGroup;
			children = (
				827646072C7527AD0075C31E /* View */,
				827646062C7527A60075C31E /* Presenter */,
			);
			path = PhotoModule;
			sourceTree = "<group>";
		};
		827645FF2C7526FA0075C31E /* VideoModule */ = {
			isa = PBXGroup;
			children = (
				827646092C7527B90075C31E /* View */,
				827646082C7527B30075C31E /* Presenter */,
			);
			path = VideoModule;
			sourceTree = "<group>";
		};
		827646002C7527330075C31E /* View */ = {
			isa = PBXGroup;
			children = (
				82C9A1DE2C749DA400D59A8E /* AuthViewController.swift */,
			);
			path = View;
			sourceTree = "<group>";
		};
		827646012C7527460075C31E /* Presenter */ = {
			isa = PBXGroup;
			children = (
				827646102C7528D50075C31E /* AuthPresenter.swift */,
			);
			path = Presenter;
			sourceTree = "<group>";
		};
		827646032C7527910075C31E /* Presenter */ = {
			isa = PBXGroup;
			children = (
				827646122C7528E00075C31E /* MainPresenter.swift */,
			);
			path = Presenter;
			sourceTree = "<group>";
		};
		827646042C75279A0075C31E /* View */ = {
			isa = PBXGroup;
			children = (
				82D238AD2C77682E0062DCA6 /* MainViewController.swift */,
				82D238A72C77628F0062DCA6 /* PhotoCollectionViewCell.swift */,
				82D238A52C7762820062DCA6 /* VideoCollectionViewCell.swift */,
				82D238A92C7762A20062DCA6 /* CustomSegmentedControl.swift */,
			);
			path = View;
			sourceTree = "<group>";
		};
		827646062C7527A60075C31E /* Presenter */ = {
			isa = PBXGroup;
			children = (
				827646142C7528E90075C31E /* PhotoPresenter.swift */,
			);
			path = Presenter;
			sourceTree = "<group>";
		};
		827646072C7527AD0075C31E /* View */ = {
			isa = PBXGroup;
			children = (
				8276460C2C7528760075C31E /* PhotoViewController.swift */,
			);
			path = View;
			sourceTree = "<group>";
		};
		827646082C7527B30075C31E /* Presenter */ = {
			isa = PBXGroup;
			children = (
				827646162C7528F30075C31E /* VideoPresenter.swift */,
			);
			path = Presenter;
			sourceTree = "<group>";
		};
		827646092C7527B90075C31E /* View */ = {
			isa = PBXGroup;
			children = (
				8276460E2C7528820075C31E /* VideoViewController.swift */,
			);
			path = View;
			sourceTree = "<group>";
		};
		8289F9A42C78AB1000A6993E /* NetworkLayer */ = {
			isa = PBXGroup;
			children = (
				8289F9A52C78AB6F00A6993E /* NetworkService.swift */,
				8289F9B72C78C4B200A6993E /* VKRequest.swift */,
				8289F9BD2C78FE1100A6993E /* VKURL.swift */,
			);
			path = NetworkLayer;
			sourceTree = "<group>";
		};
		8289F9A72C78AC4800A6993E /* WebModule */ = {
			isa = PBXGroup;
			children = (
				8289F9A82C78AC5600A6993E /* View */,
				8289F9A92C78AC5A00A6993E /* Presenter */,
			);
			path = WebModule;
			sourceTree = "<group>";
		};
		8289F9A82C78AC5600A6993E /* View */ = {
			isa = PBXGroup;
			children = (
				82D238AB2C7763050062DCA6 /* WebViewController.swift */,
			);
			path = View;
			sourceTree = "<group>";
		};
		8289F9A92C78AC5A00A6993E /* Presenter */ = {
			isa = PBXGroup;
			children = (
				8289F9AA2C78AC8C00A6993E /* WebPresenter.swift */,
			);
			path = Presenter;
			sourceTree = "<group>";
		};
		8289F9BF2C79216B00A6993E /* DataLayer */ = {
			isa = PBXGroup;
			children = (
				8289F9C02C79217F00A6993E /* KeyChain.swift */,
			);
			path = DataLayer;
			sourceTree = "<group>";
		};
		82C9A1CE2C749DA400D59A8E = {
			isa = PBXGroup;
			children = (
				82C9A1EE2C74A0EA00D59A8E /* .gitignore */,
				82C9A1D92C749DA400D59A8E /* MobileUpGallery */,
				82C9A1D82C749DA400D59A8E /* Products */,
			);
			sourceTree = "<group>";
		};
		82C9A1D82C749DA400D59A8E /* Products */ = {
			isa = PBXGroup;
			children = (
				82C9A1D72C749DA400D59A8E /* MobileUpGallery.app */,
			);
			name = Products;
			sourceTree = "<group>";
		};
		82C9A1D92C749DA400D59A8E /* MobileUpGallery */ = {
			isa = PBXGroup;
			children = (
				82C9A1DA2C749DA400D59A8E /* AppDelegate.swift */,
				82C9A1DC2C749DA400D59A8E /* SceneDelegate.swift */,
				827646182C752DF20075C31E /* Router.swift */,
				8276461A2C75358A0075C31E /* ModuleBuilder.swift */,
				8289F9BF2C79216B00A6993E /* DataLayer */,
				8289F9A42C78AB1000A6993E /* NetworkLayer */,
				827645FB2C7526A60075C31E /* Modules */,
				82D238862C7609E50062DCA6 /* Other */,
				82C9A1E52C749DA800D59A8E /* LaunchScreen.storyboard */,
				82C9A1E32C749DA800D59A8E /* Assets.xcassets */,
				82C9A1E82C749DA800D59A8E /* Info.plist */,
			);
			path = MobileUpGallery;
			sourceTree = "<group>";
		};
		82D238862C7609E50062DCA6 /* Other */ = {
			isa = PBXGroup;
			children = (
				82D238872C7609FB0062DCA6 /* CustomClasses */,
			);
			path = Other;
			sourceTree = "<group>";
		};
		82D238872C7609FB0062DCA6 /* CustomClasses */ = {
			isa = PBXGroup;
			children = (
				82D238842C7605E50062DCA6 /* PaddingLabel.swift */,
			);
			path = CustomClasses;
			sourceTree = "<group>";
		};
/* End PBXGroup section */

/* Begin PBXNativeTarget section */
		82C9A1D62C749DA400D59A8E /* MobileUpGallery */ = {
			isa = PBXNativeTarget;
			buildConfigurationList = 82C9A1EB2C749DA800D59A8E /* Build configuration list for PBXNativeTarget "MobileUpGallery" */;
			buildPhases = (
				82C9A1D32C749DA400D59A8E /* Sources */,
				82C9A1D42C749DA400D59A8E /* Frameworks */,
				82C9A1D52C749DA400D59A8E /* Resources */,
			);
			buildRules = (
			);
			dependencies = (
			);
			name = MobileUpGallery;
			productName = MobileUpGallery;
			productReference = 82C9A1D72C749DA400D59A8E /* MobileUpGallery.app */;
			productType = "com.apple.product-type.application";
		};
/* End PBXNativeTarget section */

/* Begin PBXProject section */
		82C9A1CF2C749DA400D59A8E /* Project object */ = {
			isa = PBXProject;
			attributes = {
				BuildIndependentTargetsInParallel = 1;
				LastSwiftUpdateCheck = 1540;
				LastUpgradeCheck = 1540;
				TargetAttributes = {
					82C9A1D62C749DA400D59A8E = {
						CreatedOnToolsVersion = 15.4;
					};
				};
			};
			buildConfigurationList = 82C9A1D22C749DA400D59A8E /* Build configuration list for PBXProject "MobileUpGallery" */;
			compatibilityVersion = "Xcode 14.0";
			developmentRegion = en;
			hasScannedForEncodings = 0;
			knownRegions = (
				en,
				Base,
			);
			mainGroup = 82C9A1CE2C749DA400D59A8E;
			productRefGroup = 82C9A1D82C749DA400D59A8E /* Products */;
			projectDirPath = "";
			projectRoot = "";
			targets = (
				82C9A1D62C749DA400D59A8E /* MobileUpGallery */,
			);
		};
/* End PBXProject section */

/* Begin PBXResourcesBuildPhase section */
		82C9A1D52C749DA400D59A8E /* Resources */ = {
			isa = PBXResourcesBuildPhase;
			buildActionMask = 2147483647;
			files = (
				82C9A1EF2C74A0EA00D59A8E /* .gitignore in Resources */,
				82C9A1E42C749DA800D59A8E /* Assets.xcassets in Resources */,
				82C9A1E72C749DA800D59A8E /* Base in Resources */,
			);
			runOnlyForDeploymentPostprocessing = 0;
		};
/* End PBXResourcesBuildPhase section */

/* Begin PBXSourcesBuildPhase section */
		82C9A1D32C749DA400D59A8E /* Sources */ = {
			isa = PBXSourcesBuildPhase;
			buildActionMask = 2147483647;
			files = (
				82D238A62C7762820062DCA6 /* VideoCollectionViewCell.swift in Sources */,
				827646192C752DF20075C31E /* Router.swift in Sources */,
				827646172C7528F30075C31E /* VideoPresenter.swift in Sources */,
				82C9A1DF2C749DA400D59A8E /* AuthViewController.swift in Sources */,
				8289F9A62C78AB6F00A6993E /* NetworkService.swift in Sources */,
				827646112C7528D50075C31E /* AuthPresenter.swift in Sources */,
				82C9A1DB2C749DA400D59A8E /* AppDelegate.swift in Sources */,
				8289F9AB2C78AC8C00A6993E /* WebPresenter.swift in Sources */,
				827646132C7528E00075C31E /* MainPresenter.swift in Sources */,
				82D238AE2C77682E0062DCA6 /* MainViewController.swift in Sources */,
				8276460F2C7528820075C31E /* VideoViewController.swift in Sources */,
				8289F9C12C79217F00A6993E /* KeyChain.swift in Sources */,
				82C9A1DD2C749DA400D59A8E /* SceneDelegate.swift in Sources */,
				82D238852C7605E50062DCA6 /* PaddingLabel.swift in Sources */,
				82D238A82C77628F0062DCA6 /* PhotoCollectionViewCell.swift in Sources */,
				82D238AC2C7763050062DCA6 /* WebViewController.swift in Sources */,
				8276460D2C7528760075C31E /* PhotoViewController.swift in Sources */,
				8289F9BE2C78FE1100A6993E /* VKURL.swift in Sources */,
				8289F9B82C78C4B300A6993E /* VKRequest.swift in Sources */,
				827646152C7528E90075C31E /* PhotoPresenter.swift in Sources */,
				8276461B2C75358A0075C31E /* ModuleBuilder.swift in Sources */,
				82D238AA2C7762A20062DCA6 /* CustomSegmentedControl.swift in Sources */,
			);
			runOnlyForDeploymentPostprocessing = 0;
		};
/* End PBXSourcesBuildPhase section */

/* Begin PBXVariantGroup section */
		82C9A1E52C749DA800D59A8E /* LaunchScreen.storyboard */ = {
			isa = PBXVariantGroup;
			children = (
				82C9A1E62C749DA800D59A8E /* Base */,
			);
			name = LaunchScreen.storyboard;
			sourceTree = "<group>";
		};
/* End PBXVariantGroup section */

/* Begin XCBuildConfiguration section */
		82C9A1E92C749DA800D59A8E /* Debug */ = {
			isa = XCBuildConfiguration;
			buildSettings = {
				ALWAYS_SEARCH_USER_PATHS = NO;
				ASSETCATALOG_COMPILER_GENERATE_SWIFT_ASSET_SYMBOL_EXTENSIONS = YES;
				CLANG_ANALYZER_NONNULL = YES;
				CLANG_ANALYZER_NUMBER_OBJECT_CONVERSION = YES_AGGRESSIVE;
				CLANG_CXX_LANGUAGE_STANDARD = "gnu++20";
				CLANG_ENABLE_MODULES = YES;
				CLANG_ENABLE_OBJC_ARC = YES;
				CLANG_ENABLE_OBJC_WEAK = YES;
				CLANG_WARN_BLOCK_CAPTURE_AUTORELEASING = YES;
				CLANG_WARN_BOOL_CONVERSION = YES;
				CLANG_WARN_COMMA = YES;
				CLANG_WARN_CONSTANT_CONVERSION = YES;
				CLANG_WARN_DEPRECATED_OBJC_IMPLEMENTATIONS = YES;
				CLANG_WARN_DIRECT_OBJC_ISA_USAGE = YES_ERROR;
				CLANG_WARN_DOCUMENTATION_COMMENTS = YES;
				CLANG_WARN_EMPTY_BODY = YES;
				CLANG_WARN_ENUM_CONVERSION = YES;
				CLANG_WARN_INFINITE_RECURSION = YES;
				CLANG_WARN_INT_CONVERSION = YES;
				CLANG_WARN_NON_LITERAL_NULL_CONVERSION = YES;
				CLANG_WARN_OBJC_IMPLICIT_RETAIN_SELF = YES;
				CLANG_WARN_OBJC_LITERAL_CONVERSION = YES;
				CLANG_WARN_OBJC_ROOT_CLASS = YES_ERROR;
				CLANG_WARN_QUOTED_INCLUDE_IN_FRAMEWORK_HEADER = YES;
				CLANG_WARN_RANGE_LOOP_ANALYSIS = YES;
				CLANG_WARN_STRICT_PROTOTYPES = YES;
				CLANG_WARN_SUSPICIOUS_MOVE = YES;
				CLANG_WARN_UNGUARDED_AVAILABILITY = YES_AGGRESSIVE;
				CLANG_WARN_UNREACHABLE_CODE = YES;
				CLANG_WARN__DUPLICATE_METHOD_MATCH = YES;
				COPY_PHASE_STRIP = NO;
				DEBUG_INFORMATION_FORMAT = dwarf;
				ENABLE_STRICT_OBJC_MSGSEND = YES;
				ENABLE_TESTABILITY = YES;
				ENABLE_USER_SCRIPT_SANDBOXING = YES;
				GCC_C_LANGUAGE_STANDARD = gnu17;
				GCC_DYNAMIC_NO_PIC = NO;
				GCC_NO_COMMON_BLOCKS = YES;
				GCC_OPTIMIZATION_LEVEL = 0;
				GCC_PREPROCESSOR_DEFINITIONS = (
					"DEBUG=1",
					"$(inherited)",
				);
				GCC_WARN_64_TO_32_BIT_CONVERSION = YES;
				GCC_WARN_ABOUT_RETURN_TYPE = YES_ERROR;
				GCC_WARN_UNDECLARED_SELECTOR = YES;
				GCC_WARN_UNINITIALIZED_AUTOS = YES_AGGRESSIVE;
				GCC_WARN_UNUSED_FUNCTION = YES;
				GCC_WARN_UNUSED_VARIABLE = YES;
				IPHONEOS_DEPLOYMENT_TARGET = 17.5;
				LOCALIZATION_PREFERS_STRING_CATALOGS = YES;
				MTL_ENABLE_DEBUG_INFO = INCLUDE_SOURCE;
				MTL_FAST_MATH = YES;
				ONLY_ACTIVE_ARCH = YES;
				SDKROOT = iphoneos;
				SWIFT_ACTIVE_COMPILATION_CONDITIONS = "DEBUG $(inherited)";
				SWIFT_OPTIMIZATION_LEVEL = "-Onone";
			};
			name = Debug;
		};
		82C9A1EA2C749DA800D59A8E /* Release */ = {
			isa = XCBuildConfiguration;
			buildSettings = {
				ALWAYS_SEARCH_USER_PATHS = NO;
				ASSETCATALOG_COMPILER_GENERATE_SWIFT_ASSET_SYMBOL_EXTENSIONS = YES;
				CLANG_ANALYZER_NONNULL = YES;
				CLANG_ANALYZER_NUMBER_OBJECT_CONVERSION = YES_AGGRESSIVE;
				CLANG_CXX_LANGUAGE_STANDARD = "gnu++20";
				CLANG_ENABLE_MODULES = YES;
				CLANG_ENABLE_OBJC_ARC = YES;
				CLANG_ENABLE_OBJC_WEAK = YES;
				CLANG_WARN_BLOCK_CAPTURE_AUTORELEASING = YES;
				CLANG_WARN_BOOL_CONVERSION = YES;
				CLANG_WARN_COMMA = YES;
				CLANG_WARN_CONSTANT_CONVERSION = YES;
				CLANG_WARN_DEPRECATED_OBJC_IMPLEMENTATIONS = YES;
				CLANG_WARN_DIRECT_OBJC_ISA_USAGE = YES_ERROR;
				CLANG_WARN_DOCUMENTATION_COMMENTS = YES;
				CLANG_WARN_EMPTY_BODY = YES;
				CLANG_WARN_ENUM_CONVERSION = YES;
				CLANG_WARN_INFINITE_RECURSION = YES;
				CLANG_WARN_INT_CONVERSION = YES;
				CLANG_WARN_NON_LITERAL_NULL_CONVERSION = YES;
				CLANG_WARN_OBJC_IMPLICIT_RETAIN_SELF = YES;
				CLANG_WARN_OBJC_LITERAL_CONVERSION = YES;
				CLANG_WARN_OBJC_ROOT_CLASS = YES_ERROR;
				CLANG_WARN_QUOTED_INCLUDE_IN_FRAMEWORK_HEADER = YES;
				CLANG_WARN_RANGE_LOOP_ANALYSIS = YES;
				CLANG_WARN_STRICT_PROTOTYPES = YES;
				CLANG_WARN_SUSPICIOUS_MOVE = YES;
				CLANG_WARN_UNGUARDED_AVAILABILITY = YES_AGGRESSIVE;
				CLANG_WARN_UNREACHABLE_CODE = YES;
				CLANG_WARN__DUPLICATE_METHOD_MATCH = YES;
				COPY_PHASE_STRIP = NO;
				DEBUG_INFORMATION_FORMAT = "dwarf-with-dsym";
				ENABLE_NS_ASSERTIONS = NO;
				ENABLE_STRICT_OBJC_MSGSEND = YES;
				ENABLE_USER_SCRIPT_SANDBOXING = YES;
				GCC_C_LANGUAGE_STANDARD = gnu17;
				GCC_NO_COMMON_BLOCKS = YES;
				GCC_WARN_64_TO_32_BIT_CONVERSION = YES;
				GCC_WARN_ABOUT_RETURN_TYPE = YES_ERROR;
				GCC_WARN_UNDECLARED_SELECTOR = YES;
				GCC_WARN_UNINITIALIZED_AUTOS = YES_AGGRESSIVE;
				GCC_WARN_UNUSED_FUNCTION = YES;
				GCC_WARN_UNUSED_VARIABLE = YES;
				IPHONEOS_DEPLOYMENT_TARGET = 17.5;
				LOCALIZATION_PREFERS_STRING_CATALOGS = YES;
				MTL_ENABLE_DEBUG_INFO = NO;
				MTL_FAST_MATH = YES;
				SDKROOT = iphoneos;
				SWIFT_COMPILATION_MODE = wholemodule;
				VALIDATE_PRODUCT = YES;
			};
			name = Release;
		};
		82C9A1EC2C749DA800D59A8E /* Debug */ = {
			isa = XCBuildConfiguration;
			buildSettings = {
				ASSETCATALOG_COMPILER_APPICON_NAME = AppIcon;
				ASSETCATALOG_COMPILER_GLOBAL_ACCENT_COLOR_NAME = AccentColor;
				CODE_SIGN_STYLE = Automatic;
				CURRENT_PROJECT_VERSION = 1;
				DEVELOPMENT_TEAM = BMJF63URC7;
				GENERATE_INFOPLIST_FILE = YES;
				INFOPLIST_FILE = MobileUpGallery/Info.plist;
				INFOPLIST_KEY_UIApplicationSupportsIndirectInputEvents = YES;
				INFOPLIST_KEY_UILaunchStoryboardName = LaunchScreen;
				INFOPLIST_KEY_UIMainStoryboardFile = "";
				INFOPLIST_KEY_UISupportedInterfaceOrientations = UIInterfaceOrientationPortrait;
				INFOPLIST_KEY_UISupportedInterfaceOrientations_iPad = "UIInterfaceOrientationLandscapeLeft UIInterfaceOrientationLandscapeRight UIInterfaceOrientationPortrait UIInterfaceOrientationPortraitUpsideDown";
				IPHONEOS_DEPLOYMENT_TARGET = 15.0;
				LD_RUNPATH_SEARCH_PATHS = (
					"$(inherited)",
					"@executable_path/Frameworks",
				);
				MARKETING_VERSION = 1.0;
				PRODUCT_BUNDLE_IDENTIFIER = studying.MobileUpGallery;
				PRODUCT_NAME = "$(TARGET_NAME)";
				SUPPORTED_PLATFORMS = "iphoneos iphonesimulator";
				SUPPORTS_MACCATALYST = NO;
				SUPPORTS_MAC_DESIGNED_FOR_IPHONE_IPAD = NO;
				SUPPORTS_XR_DESIGNED_FOR_IPHONE_IPAD = NO;
				SWIFT_EMIT_LOC_STRINGS = YES;
				SWIFT_VERSION = 5.0;
				TARGETED_DEVICE_FAMILY = 1;
			};
			name = Debug;
		};
		82C9A1ED2C749DA800D59A8E /* Release */ = {
			isa = XCBuildConfiguration;
			buildSettings = {
				ASSETCATALOG_COMPILER_APPICON_NAME = AppIcon;
				ASSETCATALOG_COMPILER_GLOBAL_ACCENT_COLOR_NAME = AccentColor;
				CODE_SIGN_STYLE = Automatic;
				CURRENT_PROJECT_VERSION = 1;
				DEVELOPMENT_TEAM = BMJF63URC7;
				GENERATE_INFOPLIST_FILE = YES;
				INFOPLIST_FILE = MobileUpGallery/Info.plist;
				INFOPLIST_KEY_UIApplicationSupportsIndirectInputEvents = YES;
				INFOPLIST_KEY_UILaunchStoryboardName = LaunchScreen;
				INFOPLIST_KEY_UIMainStoryboardFile = "";
				INFOPLIST_KEY_UISupportedInterfaceOrientations = UIInterfaceOrientationPortrait;
				INFOPLIST_KEY_UISupportedInterfaceOrientations_iPad = "UIInterfaceOrientationLandscapeLeft UIInterfaceOrientationLandscapeRight UIInterfaceOrientationPortrait UIInterfaceOrientationPortraitUpsideDown";
				IPHONEOS_DEPLOYMENT_TARGET = 15.0;
				LD_RUNPATH_SEARCH_PATHS = (
					"$(inherited)",
					"@executable_path/Frameworks",
				);
				MARKETING_VERSION = 1.0;
				PRODUCT_BUNDLE_IDENTIFIER = studying.MobileUpGallery;
				PRODUCT_NAME = "$(TARGET_NAME)";
				SUPPORTED_PLATFORMS = "iphoneos iphonesimulator";
				SUPPORTS_MACCATALYST = NO;
				SUPPORTS_MAC_DESIGNED_FOR_IPHONE_IPAD = NO;
				SUPPORTS_XR_DESIGNED_FOR_IPHONE_IPAD = NO;
				SWIFT_EMIT_LOC_STRINGS = YES;
				SWIFT_VERSION = 5.0;
				TARGETED_DEVICE_FAMILY = 1;
			};
			name = Release;
		};
/* End XCBuildConfiguration section */

/* Begin XCConfigurationList section */
		82C9A1D22C749DA400D59A8E /* Build configuration list for PBXProject "MobileUpGallery" */ = {
			isa = XCConfigurationList;
			buildConfigurations = (
				82C9A1E92C749DA800D59A8E /* Debug */,
				82C9A1EA2C749DA800D59A8E /* Release */,
			);
			defaultConfigurationIsVisible = 0;
			defaultConfigurationName = Release;
		};
		82C9A1EB2C749DA800D59A8E /* Build configuration list for PBXNativeTarget "MobileUpGallery" */ = {
			isa = XCConfigurationList;
			buildConfigurations = (
				82C9A1EC2C749DA800D59A8E /* Debug */,
				82C9A1ED2C749DA800D59A8E /* Release */,
			);
			defaultConfigurationIsVisible = 0;
			defaultConfigurationName = Release;
		};
/* End XCConfigurationList section */
	};
	rootObject = 82C9A1CF2C749DA400D59A8E /* Project object */;
}
